// !$*UTF8*$!
{
	archiveVersion = 1;
	classes = {
	};
	objectVersion = 77;
	objects = {

/* Begin PBXContainerItemProxy section */
		C10A40E82CF79C0E00068769 /* PBXContainerItemProxy */ = {
			isa = PBXContainerItemProxy;
			containerPortal = C10A40CF2CF79C0B00068769 /* Project object */;
			proxyType = 1;
			remoteGlobalIDString = C10A40D62CF79C0B00068769;
			remoteInfo = ChecklistDesigner;
		};
		C10A40F22CF79C0F00068769 /* PBXContainerItemProxy */ = {
			isa = PBXContainerItemProxy;
			containerPortal = C10A40CF2CF79C0B00068769 /* Project object */;
			proxyType = 1;
			remoteGlobalIDString = C10A40D62CF79C0B00068769;
			remoteInfo = ChecklistDesigner;
		};
/* End PBXContainerItemProxy section */

/* Begin PBXFileReference section */
		C10A40D72CF79C0B00068769 /* ChecklistDesigner.app */ = {isa = PBXFileReference; explicitFileType = wrapper.application; includeInIndex = 0; path = ChecklistDesigner.app; sourceTree = BUILT_PRODUCTS_DIR; };
		C10A40E72CF79C0E00068769 /* ChecklistDesignerTests.xctest */ = {isa = PBXFileReference; explicitFileType = wrapper.cfbundle; includeInIndex = 0; path = ChecklistDesignerTests.xctest; sourceTree = BUILT_PRODUCTS_DIR; };
		C10A40F12CF79C0F00068769 /* ChecklistDesignerUITests.xctest */ = {isa = PBXFileReference; explicitFileType = wrapper.cfbundle; includeInIndex = 0; path = ChecklistDesignerUITests.xctest; sourceTree = BUILT_PRODUCTS_DIR; };
/* End PBXFileReference section */

/* Begin PBXFileSystemSynchronizedRootGroup section */
		C10A40D92CF79C0B00068769 /* ChecklistDesigner */ = {
			isa = PBXFileSystemSynchronizedRootGroup;
			path = ChecklistDesigner;
			sourceTree = "<group>";
		};
		C10A40EA2CF79C0E00068769 /* ChecklistDesignerTests */ = {
			isa = PBXFileSystemSynchronizedRootGroup;
			path = ChecklistDesignerTests;
			sourceTree = "<group>";
		};
		C10A40F42CF79C0F00068769 /* ChecklistDesignerUITests */ = {
			isa = PBXFileSystemSynchronizedRootGroup;
			path = ChecklistDesignerUITests;
			sourceTree = "<group>";
		};
/* End PBXFileSystemSynchronizedRootGroup section */

/* Begin PBXFrameworksBuildPhase section */
		C10A40D42CF79C0B00068769 /* Frameworks */ = {
			isa = PBXFrameworksBuildPhase;
			buildActionMask = 2147483647;
			files = (
			);
			runOnlyForDeploymentPostprocessing = 0;
		};
		C10A40E42CF79C0E00068769 /* Frameworks */ = {
			isa = PBXFrameworksBuildPhase;
			buildActionMask = 2147483647;
			files = (
			);
			runOnlyForDeploymentPostprocessing = 0;
		};
		C10A40EE2CF79C0F00068769 /* Frameworks */ = {
			isa = PBXFrameworksBuildPhase;
			buildActionMask = 2147483647;
			files = (
			);
			runOnlyForDeploymentPostprocessing = 0;
		};
/* End PBXFrameworksBuildPhase section */

/* Begin PBXGroup section */
		C10A40CE2CF79C0B00068769 = {
			isa = PBXGroup;
			children = (
				C10A40D92CF79C0B00068769 /* ChecklistDesigner */,
				C10A40EA2CF79C0E00068769 /* ChecklistDesignerTests */,
				C10A40F42CF79C0F00068769 /* ChecklistDesignerUITests */,
				C10A40D82CF79C0B00068769 /* Products */,
			);
			sourceTree = "<group>";
		};
		C10A40D82CF79C0B00068769 /* Products */ = {
			isa = PBXGroup;
			children = (
				C10A40D72CF79C0B00068769 /* ChecklistDesigner.app */,
				C10A40E72CF79C0E00068769 /* ChecklistDesignerTests.xctest */,
				C10A40F12CF79C0F00068769 /* ChecklistDesignerUITests.xctest */,
			);
			name = Products;
			sourceTree = "<group>";
		};
/* End PBXGroup section */

/* Begin PBXNativeTarget section */
		C10A40D62CF79C0B00068769 /* ChecklistDesigner */ = {
			isa = PBXNativeTarget;
			buildConfigurationList = C10A40FB2CF79C0F00068769 /* Build configuration list for PBXNativeTarget "ChecklistDesigner" */;
			buildPhases = (
				C10A40D32CF79C0B00068769 /* Sources */,
				C10A40D42CF79C0B00068769 /* Frameworks */,
				C10A40D52CF79C0B00068769 /* Resources */,
			);
			buildRules = (
			);
			dependencies = (
			);
			fileSystemSynchronizedGroups = (
				C10A40D92CF79C0B00068769 /* ChecklistDesigner */,
			);
			name = ChecklistDesigner;
			packageProductDependencies = (
			);
			productName = ChecklistDesigner;
			productReference = C10A40D72CF79C0B00068769 /* ChecklistDesigner.app */;
			productType = "com.apple.product-type.application";
		};
		C10A40E62CF79C0E00068769 /* ChecklistDesignerTests */ = {
			isa = PBXNativeTarget;
			buildConfigurationList = C10A40FE2CF79C0F00068769 /* Build configuration list for PBXNativeTarget "ChecklistDesignerTests" */;
			buildPhases = (
				C10A40E32CF79C0E00068769 /* Sources */,
				C10A40E42CF79C0E00068769 /* Frameworks */,
				C10A40E52CF79C0E00068769 /* Resources */,
			);
			buildRules = (
			);
			dependencies = (
				C10A40E92CF79C0E00068769 /* PBXTargetDependency */,
			);
			fileSystemSynchronizedGroups = (
				C10A40EA2CF79C0E00068769 /* ChecklistDesignerTests */,
			);
			name = ChecklistDesignerTests;
			packageProductDependencies = (
			);
			productName = ChecklistDesignerTests;
			productReference = C10A40E72CF79C0E00068769 /* ChecklistDesignerTests.xctest */;
			productType = "com.apple.product-type.bundle.unit-test";
		};
		C10A40F02CF79C0F00068769 /* ChecklistDesignerUITests */ = {
			isa = PBXNativeTarget;
			buildConfigurationList = C10A41012CF79C0F00068769 /* Build configuration list for PBXNativeTarget "ChecklistDesignerUITests" */;
			buildPhases = (
				C10A40ED2CF79C0F00068769 /* Sources */,
				C10A40EE2CF79C0F00068769 /* Frameworks */,
				C10A40EF2CF79C0F00068769 /* Resources */,
			);
			buildRules = (
			);
			dependencies = (
				C10A40F32CF79C0F00068769 /* PBXTargetDependency */,
			);
			fileSystemSynchronizedGroups = (
				C10A40F42CF79C0F00068769 /* ChecklistDesignerUITests */,
			);
			name = ChecklistDesignerUITests;
			packageProductDependencies = (
			);
			productName = ChecklistDesignerUITests;
			productReference = C10A40F12CF79C0F00068769 /* ChecklistDesignerUITests.xctest */;
			productType = "com.apple.product-type.bundle.ui-testing";
		};
/* End PBXNativeTarget section */

/* Begin PBXProject section */
		C10A40CF2CF79C0B00068769 /* Project object */ = {
			isa = PBXProject;
			attributes = {
				BuildIndependentTargetsInParallel = 1;
				LastSwiftUpdateCheck = 1610;
				LastUpgradeCheck = 1610;
				TargetAttributes = {
					C10A40D62CF79C0B00068769 = {
						CreatedOnToolsVersion = 16.1;
					};
					C10A40E62CF79C0E00068769 = {
						CreatedOnToolsVersion = 16.1;
						TestTargetID = C10A40D62CF79C0B00068769;
					};
					C10A40F02CF79C0F00068769 = {
						CreatedOnToolsVersion = 16.1;
						TestTargetID = C10A40D62CF79C0B00068769;
					};
				};
			};
			buildConfigurationList = C10A40D22CF79C0B00068769 /* Build configuration list for PBXProject "ChecklistDesigner" */;
			developmentRegion = en;
			hasScannedForEncodings = 0;
			knownRegions = (
				en,
				Base,
			);
			mainGroup = C10A40CE2CF79C0B00068769;
			minimizedProjectReferenceProxies = 1;
			packageReferences = (
				C1B58F4B2CF9E99500C4E0FE /* XCRemoteSwiftPackageReference "SwiftUI-Introspect" */,
			);
			preferredProjectObjectVersion = 77;
			productRefGroup = C10A40D82CF79C0B00068769 /* Products */;
			projectDirPath = "";
			projectRoot = "";
			targets = (
				C10A40D62CF79C0B00068769 /* ChecklistDesigner */,
				C10A40E62CF79C0E00068769 /* ChecklistDesignerTests */,
				C10A40F02CF79C0F00068769 /* ChecklistDesignerUITests */,
			);
		};
/* End PBXProject section */

/* Begin PBXResourcesBuildPhase section */
		C10A40D52CF79C0B00068769 /* Resources */ = {
			isa = PBXResourcesBuildPhase;
			buildActionMask = 2147483647;
			files = (
			);
			runOnlyForDeploymentPostprocessing = 0;
		};
		C10A40E52CF79C0E00068769 /* Resources */ = {
			isa = PBXResourcesBuildPhase;
			buildActionMask = 2147483647;
			files = (
			);
			runOnlyForDeploymentPostprocessing = 0;
		};
		C10A40EF2CF79C0F00068769 /* Resources */ = {
			isa = PBXResourcesBuildPhase;
			buildActionMask = 2147483647;
			files = (
			);
			runOnlyForDeploymentPostprocessing = 0;
		};
/* End PBXResourcesBuildPhase section */

/* Begin PBXSourcesBuildPhase section */
		C10A40D32CF79C0B00068769 /* Sources */ = {
			isa = PBXSourcesBuildPhase;
			buildActionMask = 2147483647;
			files = (
			);
			runOnlyForDeploymentPostprocessing = 0;
		};
		C10A40E32CF79C0E00068769 /* Sources */ = {
			isa = PBXSourcesBuildPhase;
			buildActionMask = 2147483647;
			files = (
			);
			runOnlyForDeploymentPostprocessing = 0;
		};
		C10A40ED2CF79C0F00068769 /* Sources */ = {
			isa = PBXSourcesBuildPhase;
			buildActionMask = 2147483647;
			files = (
			);
			runOnlyForDeploymentPostprocessing = 0;
		};
/* End PBXSourcesBuildPhase section */

/* Begin PBXTargetDependency section */
		C10A40E92CF79C0E00068769 /* PBXTargetDependency */ = {
			isa = PBXTargetDependency;
			target = C10A40D62CF79C0B00068769 /* ChecklistDesigner */;
			targetProxy = C10A40E82CF79C0E00068769 /* PBXContainerItemProxy */;
		};
		C10A40F32CF79C0F00068769 /* PBXTargetDependency */ = {
			isa = PBXTargetDependency;
			target = C10A40D62CF79C0B00068769 /* ChecklistDesigner */;
			targetProxy = C10A40F22CF79C0F00068769 /* PBXContainerItemProxy */;
		};
/* End PBXTargetDependency section */

/* Begin XCBuildConfiguration section */
		C10A40F92CF79C0F00068769 /* Debug */ = {
			isa = XCBuildConfiguration;
			buildSettings = {
				ALWAYS_SEARCH_USER_PATHS = NO;
				ASSETCATALOG_COMPILER_GENERATE_SWIFT_ASSET_SYMBOL_EXTENSIONS = YES;
				CLANG_ANALYZER_NONNULL = YES;
				CLANG_ANALYZER_NUMBER_OBJECT_CONVERSION = YES_AGGRESSIVE;
				CLANG_CXX_LANGUAGE_STANDARD = "gnu++20";
				CLANG_ENABLE_MODULES = YES;
				CLANG_ENABLE_OBJC_ARC = YES;
				CLANG_ENABLE_OBJC_WEAK = YES;
				CLANG_WARN_BLOCK_CAPTURE_AUTORELEASING = YES;
				CLANG_WARN_BOOL_CONVERSION = YES;
				CLANG_WARN_COMMA = YES;
				CLANG_WARN_CONSTANT_CONVERSION = YES;
				CLANG_WARN_DEPRECATED_OBJC_IMPLEMENTATIONS = YES;
				CLANG_WARN_DIRECT_OBJC_ISA_USAGE = YES_ERROR;
				CLANG_WARN_DOCUMENTATION_COMMENTS = YES;
				CLANG_WARN_EMPTY_BODY = YES;
				CLANG_WARN_ENUM_CONVERSION = YES;
				CLANG_WARN_INFINITE_RECURSION = YES;
				CLANG_WARN_INT_CONVERSION = YES;
				CLANG_WARN_NON_LITERAL_NULL_CONVERSION = YES;
				CLANG_WARN_OBJC_IMPLICIT_RETAIN_SELF = YES;
				CLANG_WARN_OBJC_LITERAL_CONVERSION = YES;
				CLANG_WARN_OBJC_ROOT_CLASS = YES_ERROR;
				CLANG_WARN_QUOTED_INCLUDE_IN_FRAMEWORK_HEADER = YES;
				CLANG_WARN_RANGE_LOOP_ANALYSIS = YES;
				CLANG_WARN_STRICT_PROTOTYPES = YES;
				CLANG_WARN_SUSPICIOUS_MOVE = YES;
				CLANG_WARN_UNGUARDED_AVAILABILITY = YES_AGGRESSIVE;
				CLANG_WARN_UNREACHABLE_CODE = YES;
				CLANG_WARN__DUPLICATE_METHOD_MATCH = YES;
				COPY_PHASE_STRIP = NO;
				DEBUG_INFORMATION_FORMAT = dwarf;
				ENABLE_STRICT_OBJC_MSGSEND = YES;
				ENABLE_TESTABILITY = YES;
				ENABLE_USER_SCRIPT_SANDBOXING = YES;
				GCC_C_LANGUAGE_STANDARD = gnu17;
				GCC_DYNAMIC_NO_PIC = NO;
				GCC_NO_COMMON_BLOCKS = YES;
				GCC_OPTIMIZATION_LEVEL = 0;
				GCC_PREPROCESSOR_DEFINITIONS = (
					"DEBUG=1",
					"$(inherited)",
				);
				GCC_WARN_64_TO_32_BIT_CONVERSION = YES;
				GCC_WARN_ABOUT_RETURN_TYPE = YES_ERROR;
				GCC_WARN_UNDECLARED_SELECTOR = YES;
				GCC_WARN_UNINITIALIZED_AUTOS = YES_AGGRESSIVE;
				GCC_WARN_UNUSED_FUNCTION = YES;
				GCC_WARN_UNUSED_VARIABLE = YES;
				IPHONEOS_DEPLOYMENT_TARGET = 18.1;
				LOCALIZATION_PREFERS_STRING_CATALOGS = YES;
				MTL_ENABLE_DEBUG_INFO = INCLUDE_SOURCE;
				MTL_FAST_MATH = YES;
				ONLY_ACTIVE_ARCH = YES;
				SDKROOT = iphoneos;
				SWIFT_ACTIVE_COMPILATION_CONDITIONS = "DEBUG $(inherited)";
				SWIFT_OPTIMIZATION_LEVEL = "-Onone";
			};
			name = Debug;
		};
		C10A40FA2CF79C0F00068769 /* Release */ = {
			isa = XCBuildConfiguration;
			buildSettings = {
				ALWAYS_SEARCH_USER_PATHS = NO;
				ASSETCATALOG_COMPILER_GENERATE_SWIFT_ASSET_SYMBOL_EXTENSIONS = YES;
				CLANG_ANALYZER_NONNULL = YES;
				CLANG_ANALYZER_NUMBER_OBJECT_CONVERSION = YES_AGGRESSIVE;
				CLANG_CXX_LANGUAGE_STANDARD = "gnu++20";
				CLANG_ENABLE_MODULES = YES;
				CLANG_ENABLE_OBJC_ARC = YES;
				CLANG_ENABLE_OBJC_WEAK = YES;
				CLANG_WARN_BLOCK_CAPTURE_AUTORELEASING = YES;
				CLANG_WARN_BOOL_CONVERSION = YES;
				CLANG_WARN_COMMA = YES;
				CLANG_WARN_CONSTANT_CONVERSION = YES;
				CLANG_WARN_DEPRECATED_OBJC_IMPLEMENTATIONS = YES;
				CLANG_WARN_DIRECT_OBJC_ISA_USAGE = YES_ERROR;
				CLANG_WARN_DOCUMENTATION_COMMENTS = YES;
				CLANG_WARN_EMPTY_BODY = YES;
				CLANG_WARN_ENUM_CONVERSION = YES;
				CLANG_WARN_INFINITE_RECURSION = YES;
				CLANG_WARN_INT_CONVERSION = YES;
				CLANG_WARN_NON_LITERAL_NULL_CONVERSION = YES;
				CLANG_WARN_OBJC_IMPLICIT_RETAIN_SELF = YES;
				CLANG_WARN_OBJC_LITERAL_CONVERSION = YES;
				CLANG_WARN_OBJC_ROOT_CLASS = YES_ERROR;
				CLANG_WARN_QUOTED_INCLUDE_IN_FRAMEWORK_HEADER = YES;
				CLANG_WARN_RANGE_LOOP_ANALYSIS = YES;
				CLANG_WARN_STRICT_PROTOTYPES = YES;
				CLANG_WARN_SUSPICIOUS_MOVE = YES;
				CLANG_WARN_UNGUARDED_AVAILABILITY = YES_AGGRESSIVE;
				CLANG_WARN_UNREACHABLE_CODE = YES;
				CLANG_WARN__DUPLICATE_METHOD_MATCH = YES;
				COPY_PHASE_STRIP = NO;
				DEBUG_INFORMATION_FORMAT = "dwarf-with-dsym";
				ENABLE_NS_ASSERTIONS = NO;
				ENABLE_STRICT_OBJC_MSGSEND = YES;
				ENABLE_USER_SCRIPT_SANDBOXING = YES;
				GCC_C_LANGUAGE_STANDARD = gnu17;
				GCC_NO_COMMON_BLOCKS = YES;
				GCC_WARN_64_TO_32_BIT_CONVERSION = YES;
				GCC_WARN_ABOUT_RETURN_TYPE = YES_ERROR;
				GCC_WARN_UNDECLARED_SELECTOR = YES;
				GCC_WARN_UNINITIALIZED_AUTOS = YES_AGGRESSIVE;
				GCC_WARN_UNUSED_FUNCTION = YES;
				GCC_WARN_UNUSED_VARIABLE = YES;
				IPHONEOS_DEPLOYMENT_TARGET = 18.1;
				LOCALIZATION_PREFERS_STRING_CATALOGS = YES;
				MTL_ENABLE_DEBUG_INFO = NO;
				MTL_FAST_MATH = YES;
				SDKROOT = iphoneos;
				SWIFT_COMPILATION_MODE = wholemodule;
				VALIDATE_PRODUCT = YES;
			};
			name = Release;
		};
		C10A40FC2CF79C0F00068769 /* Debug */ = {
			isa = XCBuildConfiguration;
			buildSettings = {
				ASSETCATALOG_COMPILER_APPICON_NAME = AppIcon;
				ASSETCATALOG_COMPILER_GLOBAL_ACCENT_COLOR_NAME = AccentColor;
				CODE_SIGN_STYLE = Automatic;
				CURRENT_PROJECT_VERSION = 1;
				DEVELOPMENT_ASSET_PATHS = "\"ChecklistDesigner/Preview Content\"";
				DEVELOPMENT_TEAM = 2Q7NRUAFNG;
				ENABLE_PREVIEWS = YES;
				GENERATE_INFOPLIST_FILE = YES;
				INFOPLIST_KEY_UIApplicationSceneManifest_Generation = YES;
				INFOPLIST_KEY_UIApplicationSupportsIndirectInputEvents = YES;
				INFOPLIST_KEY_UILaunchScreen_Generation = YES;
				INFOPLIST_KEY_UISupportedInterfaceOrientations_iPad = "UIInterfaceOrientationPortrait UIInterfaceOrientationPortraitUpsideDown UIInterfaceOrientationLandscapeLeft UIInterfaceOrientationLandscapeRight";
				INFOPLIST_KEY_UISupportedInterfaceOrientations_iPhone = "UIInterfaceOrientationPortrait UIInterfaceOrientationLandscapeLeft UIInterfaceOrientationLandscapeRight";
				LD_RUNPATH_SEARCH_PATHS = (
					"$(inherited)",
					"@executable_path/Frameworks",
				);
				MARKETING_VERSION = 1.0;
				PRODUCT_BUNDLE_IDENTIFIER = ShipDev.ChecklistDesigner;
				PRODUCT_NAME = "$(TARGET_NAME)";
				SWIFT_EMIT_LOC_STRINGS = YES;
				SWIFT_VERSION = 5.0;
				TARGETED_DEVICE_FAMILY = "1,2";
			};
			name = Debug;
		};
		C10A40FD2CF79C0F00068769 /* Release */ = {
			isa = XCBuildConfiguration;
			buildSettings = {
				ASSETCATALOG_COMPILER_APPICON_NAME = AppIcon;
				ASSETCATALOG_COMPILER_GLOBAL_ACCENT_COLOR_NAME = AccentColor;
				CODE_SIGN_STYLE = Automatic;
				CURRENT_PROJECT_VERSION = 1;
				DEVELOPMENT_ASSET_PATHS = "\"ChecklistDesigner/Preview Content\"";
				DEVELOPMENT_TEAM = 2Q7NRUAFNG;
				ENABLE_PREVIEWS = YES;
				GENERATE_INFOPLIST_FILE = YES;
				INFOPLIST_KEY_UIApplicationSceneManifest_Generation = YES;
				INFOPLIST_KEY_UIApplicationSupportsIndirectInputEvents = YES;
				INFOPLIST_KEY_UILaunchScreen_Generation = YES;
				INFOPLIST_KEY_UISupportedInterfaceOrientations_iPad = "UIInterfaceOrientationPortrait UIInterfaceOrientationPortraitUpsideDown UIInterfaceOrientationLandscapeLeft UIInterfaceOrientationLandscapeRight";
				INFOPLIST_KEY_UISupportedInterfaceOrientations_iPhone = "UIInterfaceOrientationPortrait UIInterfaceOrientationLandscapeLeft UIInterfaceOrientationLandscapeRight";
				LD_RUNPATH_SEARCH_PATHS = (
					"$(inherited)",
					"@executable_path/Frameworks",
				);
				MARKETING_VERSION = 1.0;
				PRODUCT_BUNDLE_IDENTIFIER = ShipDev.ChecklistDesigner;
				PRODUCT_NAME = "$(TARGET_NAME)";
				SWIFT_EMIT_LOC_STRINGS = YES;
				SWIFT_VERSION = 5.0;
				TARGETED_DEVICE_FAMILY = "1,2";
			};
			name = Release;
		};
		C10A40FF2CF79C0F00068769 /* Debug */ = {
			isa = XCBuildConfiguration;
			buildSettings = {
				BUNDLE_LOADER = "$(TEST_HOST)";
				CODE_SIGN_STYLE = Automatic;
				CURRENT_PROJECT_VERSION = 1;
				DEVELOPMENT_TEAM = 2Q7NRUAFNG;
				GENERATE_INFOPLIST_FILE = YES;
				IPHONEOS_DEPLOYMENT_TARGET = 18.1;
				MARKETING_VERSION = 1.0;
				PRODUCT_BUNDLE_IDENTIFIER = ShipDev.ChecklistDesignerTests;
				PRODUCT_NAME = "$(TARGET_NAME)";
				SWIFT_EMIT_LOC_STRINGS = NO;
				SWIFT_VERSION = 5.0;
				TARGETED_DEVICE_FAMILY = "1,2";
				TEST_HOST = "$(BUILT_PRODUCTS_DIR)/ChecklistDesigner.app/$(BUNDLE_EXECUTABLE_FOLDER_PATH)/ChecklistDesigner";
			};
			name = Debug;
		};
		C10A41002CF79C0F00068769 /* Release */ = {
			isa = XCBuildConfiguration;
			buildSettings = {
				BUNDLE_LOADER = "$(TEST_HOST)";
				CODE_SIGN_STYLE = Automatic;
				CURRENT_PROJECT_VERSION = 1;
				DEVELOPMENT_TEAM = 2Q7NRUAFNG;
				GENERATE_INFOPLIST_FILE = YES;
				IPHONEOS_DEPLOYMENT_TARGET = 18.1;
				MARKETING_VERSION = 1.0;
				PRODUCT_BUNDLE_IDENTIFIER = ShipDev.ChecklistDesignerTests;
				PRODUCT_NAME = "$(TARGET_NAME)";
				SWIFT_EMIT_LOC_STRINGS = NO;
				SWIFT_VERSION = 5.0;
				TARGETED_DEVICE_FAMILY = "1,2";
				TEST_HOST = "$(BUILT_PRODUCTS_DIR)/ChecklistDesigner.app/$(BUNDLE_EXECUTABLE_FOLDER_PATH)/ChecklistDesigner";
			};
			name = Release;
		};
		C10A41022CF79C0F00068769 /* Debug */ = {
			isa = XCBuildConfiguration;
			buildSettings = {
				CODE_SIGN_STYLE = Automatic;
				CURRENT_PROJECT_VERSION = 1;
				DEVELOPMENT_TEAM = 2Q7NRUAFNG;
				GENERATE_INFOPLIST_FILE = YES;
				MARKETING_VERSION = 1.0;
				PRODUCT_BUNDLE_IDENTIFIER = ShipDev.ChecklistDesignerUITests;
				PRODUCT_NAME = "$(TARGET_NAME)";
				SWIFT_EMIT_LOC_STRINGS = NO;
				SWIFT_VERSION = 5.0;
				TARGETED_DEVICE_FAMILY = "1,2";
				TEST_TARGET_NAME = ChecklistDesigner;
			};
			name = Debug;
		};
		C10A41032CF79C0F00068769 /* Release */ = {
			isa = XCBuildConfiguration;
			buildSettings = {
				CODE_SIGN_STYLE = Automatic;
				CURRENT_PROJECT_VERSION = 1;
				DEVELOPMENT_TEAM = 2Q7NRUAFNG;
				GENERATE_INFOPLIST_FILE = YES;
				MARKETING_VERSION = 1.0;
				PRODUCT_BUNDLE_IDENTIFIER = ShipDev.ChecklistDesignerUITests;
				PRODUCT_NAME = "$(TARGET_NAME)";
				SWIFT_EMIT_LOC_STRINGS = NO;
				SWIFT_VERSION = 5.0;
				TARGETED_DEVICE_FAMILY = "1,2";
				TEST_TARGET_NAME = ChecklistDesigner;
			};
			name = Release;
		};
/* End XCBuildConfiguration section */

/* Begin XCConfigurationList section */
		C10A40D22CF79C0B00068769 /* Build configuration list for PBXProject "ChecklistDesigner" */ = {
			isa = XCConfigurationList;
			buildConfigurations = (
				C10A40F92CF79C0F00068769 /* Debug */,
				C10A40FA2CF79C0F00068769 /* Release */,
			);
			defaultConfigurationIsVisible = 0;
			defaultConfigurationName = Release;
		};
		C10A40FB2CF79C0F00068769 /* Build configuration list for PBXNativeTarget "ChecklistDesigner" */ = {
			isa = XCConfigurationList;
			buildConfigurations = (
				C10A40FC2CF79C0F00068769 /* Debug */,
				C10A40FD2CF79C0F00068769 /* Release */,
			);
			defaultConfigurationIsVisible = 0;
			defaultConfigurationName = Release;
		};
		C10A40FE2CF79C0F00068769 /* Build configuration list for PBXNativeTarget "ChecklistDesignerTests" */ = {
			isa = XCConfigurationList;
			buildConfigurations = (
				C10A40FF2CF79C0F00068769 /* Debug */,
				C10A41002CF79C0F00068769 /* Release */,
			);
			defaultConfigurationIsVisible = 0;
			defaultConfigurationName = Release;
		};
		C10A41012CF79C0F00068769 /* Build configuration list for PBXNativeTarget "ChecklistDesignerUITests" */ = {
			isa = XCConfigurationList;
			buildConfigurations = (
				C10A41022CF79C0F00068769 /* Debug */,
				C10A41032CF79C0F00068769 /* Release */,
			);
			defaultConfigurationIsVisible = 0;
			defaultConfigurationName = Release;
		};
/* End XCConfigurationList section */

/* Begin XCRemoteSwiftPackageReference section */
		C1B58F4B2CF9E99500C4E0FE /* XCRemoteSwiftPackageReference "SwiftUI-Introspect" */ = {
			isa = XCRemoteSwiftPackageReference;
			repositoryURL = "https://github.com/siteline/SwiftUI-Introspect";
			requirement = {
				kind = upToNextMajorVersion;
				minimumVersion = 1.3.0;
			};
		};
/* End XCRemoteSwiftPackageReference section */
	};
	rootObject = C10A40CF2CF79C0B00068769 /* Project object */;
}
